
Microsoft Visual Studio Solution File, Format Version 12.00
# Visual Studio 15
VisualStudioVersion = 15.0.27428.2037
MinimumVisualStudioVersion = 10.0.40219.1
Project("{FAE04EC0-301F-11D3-BF4B-00C04F79EFBC}") = "billing-enterprise-api-usage-detail", "billing-enterprise-api-usage-detail\billing-enterprise-api-usage-detail.csproj", "{CF3050A1-71EC-4347-9424-B82163FDFCD2}"
EndProject
Global
	GlobalSection(SolutionConfigurationPlatforms) = preSolution
		Debug|Any CPU = Debug|Any CPU
		Release|Any CPU = Release|Any CPU
	EndGlobalSection
	GlobalSection(ProjectConfigurationPlatforms) = postSolution
		{CF3050A1-71EC-4347-9424-B82163FDFCD2}.Debug|Any CPU.ActiveCfg = Debug|Any CPU
		{CF3050A1-71EC-4347-9424-B82163FDFCD2}.Debug|Any CPU.Build.0 = Debug|Any CPU
		{CF3050A1-71EC-4347-9424-B82163FDFCD2}.Release|Any CPU.ActiveCfg = Release|Any CPU
		{CF3050A1-71EC-4347-9424-B82163FDFCD2}.Release|Any CPU.Build.0 = Release|Any CPU
	EndGlobalSection
	GlobalSection(SolutionProperties) = preSolution
		HideSolutionNode = FALSE
	EndGlobalSection
	GlobalSection(ExtensibilityGlobals) = postSolution
		SolutionGuid = {E3106B0D-89A1-4E64-B2E3-904A6D014E35}
	EndGlobalSection
EndGlobal
